
Microsoft Visual Studio Solution File, Format Version 12.00
# Visual Studio Version 17
VisualStudioVersion = 17.8.34330.188
MinimumVisualStudioVersion = 10.0.40219.1
Project("{FAE04EC0-301F-11D3-BF4B-00C04F79EFBC}") = "ErrorServiceSMS", "ErrorServiceSMS\ErrorServiceSMS.csproj", "{A9EF8647-B545-4AAC-8344-12D1C114E60C}"
EndProject
Project("{FAE04EC0-301F-11D3-BF4B-00C04F79EFBC}") = "SmsSender", "SmsSender\SmsSender.csproj", "{D933B7AD-780D-4047-931C-DFC33EE88109}"
EndProject
Project("{FAE04EC0-301F-11D3-BF4B-00C04F79EFBC}") = "ErrorService.Core", "ErrorService.Core\ErrorService.Core.csproj", "{2E7C1AB4-245F-4FAD-9FA2-F06167AB3E5A}"
EndProject
Project("{FAE04EC0-301F-11D3-BF4B-00C04F79EFBC}") = "ErrorServiceSMS.ConsoleApp", "ErrorServiceSMS.ConsoleApp\ErrorServiceSMS.ConsoleApp.csproj", "{17C0E9F4-6E7E-4786-8587-7AB97D6C0C2D}"
EndProject
Project("{FAE04EC0-301F-11D3-BF4B-00C04F79EFBC}") = "Cipher", "Cipher\Cipher.csproj", "{A962BE52-2B43-4CEC-9D15-BFBE82371435}"
EndProject
Global
	GlobalSection(SolutionConfigurationPlatforms) = preSolution
		Debug|Any CPU = Debug|Any CPU
		Release|Any CPU = Release|Any CPU
	EndGlobalSection
	GlobalSection(ProjectConfigurationPlatforms) = postSolution
		{A9EF8647-B545-4AAC-8344-12D1C114E60C}.Debug|Any CPU.ActiveCfg = Debug|Any CPU
		{A9EF8647-B545-4AAC-8344-12D1C114E60C}.Debug|Any CPU.Build.0 = Debug|Any CPU
		{A9EF8647-B545-4AAC-8344-12D1C114E60C}.Release|Any CPU.ActiveCfg = Release|Any CPU
		{A9EF8647-B545-4AAC-8344-12D1C114E60C}.Release|Any CPU.Build.0 = Release|Any CPU
		{D933B7AD-780D-4047-931C-DFC33EE88109}.Debug|Any CPU.ActiveCfg = Debug|Any CPU
		{D933B7AD-780D-4047-931C-DFC33EE88109}.Debug|Any CPU.Build.0 = Debug|Any CPU
		{D933B7AD-780D-4047-931C-DFC33EE88109}.Release|Any CPU.ActiveCfg = Release|Any CPU
		{D933B7AD-780D-4047-931C-DFC33EE88109}.Release|Any CPU.Build.0 = Release|Any CPU
		{2E7C1AB4-245F-4FAD-9FA2-F06167AB3E5A}.Debug|Any CPU.ActiveCfg = Debug|Any CPU
		{2E7C1AB4-245F-4FAD-9FA2-F06167AB3E5A}.Debug|Any CPU.Build.0 = Debug|Any CPU
		{2E7C1AB4-245F-4FAD-9FA2-F06167AB3E5A}.Release|Any CPU.ActiveCfg = Release|Any CPU
		{2E7C1AB4-245F-4FAD-9FA2-F06167AB3E5A}.Release|Any CPU.Build.0 = Release|Any CPU
		{17C0E9F4-6E7E-4786-8587-7AB97D6C0C2D}.Debug|Any CPU.ActiveCfg = Debug|Any CPU
		{17C0E9F4-6E7E-4786-8587-7AB97D6C0C2D}.Debug|Any CPU.Build.0 = Debug|Any CPU
		{17C0E9F4-6E7E-4786-8587-7AB97D6C0C2D}.Release|Any CPU.ActiveCfg = Release|Any CPU
		{17C0E9F4-6E7E-4786-8587-7AB97D6C0C2D}.Release|Any CPU.Build.0 = Release|Any CPU
		{A962BE52-2B43-4CEC-9D15-BFBE82371435}.Debug|Any CPU.ActiveCfg = Debug|Any CPU
		{A962BE52-2B43-4CEC-9D15-BFBE82371435}.Debug|Any CPU.Build.0 = Debug|Any CPU
		{A962BE52-2B43-4CEC-9D15-BFBE82371435}.Release|Any CPU.ActiveCfg = Release|Any CPU
		{A962BE52-2B43-4CEC-9D15-BFBE82371435}.Release|Any CPU.Build.0 = Release|Any CPU
	EndGlobalSection
	GlobalSection(SolutionProperties) = preSolution
		HideSolutionNode = FALSE
	EndGlobalSection
	GlobalSection(ExtensibilityGlobals) = postSolution
		SolutionGuid = {C8B8BE6D-1FB4-47E9-A224-C697FF9B94A1}
	EndGlobalSection
EndGlobal
